
Microsoft Visual Studio Solution File, Format Version 12.00
# Visual Studio Version 17
VisualStudioVersion = 17.3.32901.215
MinimumVisualStudioVersion = 10.0.40219.1
Project("{FAE04EC0-301F-11D3-BF4B-00C04F79EFBC}") = "09CalculoDeGlicemia", "09CalculoDeGlicemia\09CalculoDeGlicemia.csproj", "{E4FBE70E-0119-4558-BD24-F2A68B79C62B}"
EndProject
Global
	GlobalSection(SolutionConfigurationPlatforms) = preSolution
		Debug|Any CPU = Debug|Any CPU
		Release|Any CPU = Release|Any CPU
	EndGlobalSection
	GlobalSection(ProjectConfigurationPlatforms) = postSolution
		{E4FBE70E-0119-4558-BD24-F2A68B79C62B}.Debug|Any CPU.ActiveCfg = Debug|Any CPU
		{E4FBE70E-0119-4558-BD24-F2A68B79C62B}.Debug|Any CPU.Build.0 = Debug|Any CPU
		{E4FBE70E-0119-4558-BD24-F2A68B79C62B}.Release|Any CPU.ActiveCfg = Release|Any CPU
		{E4FBE70E-0119-4558-BD24-F2A68B79C62B}.Release|Any CPU.Build.0 = Release|Any CPU
	EndGlobalSection
	GlobalSection(SolutionProperties) = preSolution
		HideSolutionNode = FALSE
	EndGlobalSection
	GlobalSection(ExtensibilityGlobals) = postSolution
		SolutionGuid = {F0CC4645-10D7-4AAC-A579-C54E2CA4EE7E}
	EndGlobalSection
EndGlobal
