
Microsoft Visual Studio Solution File, Format Version 12.00
# Visual Studio Version 17
VisualStudioVersion = 17.3.32901.215
MinimumVisualStudioVersion = 10.0.40219.1
Project("{FAE04EC0-301F-11D3-BF4B-00C04F79EFBC}") = "AreaTriangulo", "AreaTriangulo\AreaTriangulo.csproj", "{7F922BA4-D21B-41DB-A53B-BC17661BF537}"
EndProject
Global
	GlobalSection(SolutionConfigurationPlatforms) = preSolution
		Debug|Any CPU = Debug|Any CPU
		Release|Any CPU = Release|Any CPU
	EndGlobalSection
	GlobalSection(ProjectConfigurationPlatforms) = postSolution
		{7F922BA4-D21B-41DB-A53B-BC17661BF537}.Debug|Any CPU.ActiveCfg = Debug|Any CPU
		{7F922BA4-D21B-41DB-A53B-BC17661BF537}.Debug|Any CPU.Build.0 = Debug|Any CPU
		{7F922BA4-D21B-41DB-A53B-BC17661BF537}.Release|Any CPU.ActiveCfg = Release|Any CPU
		{7F922BA4-D21B-41DB-A53B-BC17661BF537}.Release|Any CPU.Build.0 = Release|Any CPU
	EndGlobalSection
	GlobalSection(SolutionProperties) = preSolution
		HideSolutionNode = FALSE
	EndGlobalSection
	GlobalSection(ExtensibilityGlobals) = postSolution
		SolutionGuid = {90024D41-2336-425E-BDED-CA436D544CBA}
	EndGlobalSection
EndGlobal
