
Microsoft Visual Studio Solution File, Format Version 12.00
# Visual Studio Version 17
VisualStudioVersion = 17.3.32901.215
MinimumVisualStudioVersion = 10.0.40219.1
Project("{FAE04EC0-301F-11D3-BF4B-00C04F79EFBC}") = "ConversorCelsiusFahrenheit", "ConversorCelsiusFahrenheit\ConversorCelsiusFahrenheit.csproj", "{B6157E61-1526-452E-B118-0A715212BB80}"
EndProject
Global
	GlobalSection(SolutionConfigurationPlatforms) = preSolution
		Debug|Any CPU = Debug|Any CPU
		Release|Any CPU = Release|Any CPU
	EndGlobalSection
	GlobalSection(ProjectConfigurationPlatforms) = postSolution
		{B6157E61-1526-452E-B118-0A715212BB80}.Debug|Any CPU.ActiveCfg = Debug|Any CPU
		{B6157E61-1526-452E-B118-0A715212BB80}.Debug|Any CPU.Build.0 = Debug|Any CPU
		{B6157E61-1526-452E-B118-0A715212BB80}.Release|Any CPU.ActiveCfg = Release|Any CPU
		{B6157E61-1526-452E-B118-0A715212BB80}.Release|Any CPU.Build.0 = Release|Any CPU
	EndGlobalSection
	GlobalSection(SolutionProperties) = preSolution
		HideSolutionNode = FALSE
	EndGlobalSection
	GlobalSection(ExtensibilityGlobals) = postSolution
		SolutionGuid = {7D819635-156C-427B-AC6F-088657554E4F}
	EndGlobalSection
EndGlobal
