
Microsoft Visual Studio Solution File, Format Version 12.00
# Visual Studio Version 17
VisualStudioVersion = 17.3.32901.215
MinimumVisualStudioVersion = 10.0.40219.1
Project("{FAE04EC0-301F-11D3-BF4B-00C04F79EFBC}") = "9CalculoPrestacoes", "9CalculoPrestacoes\9CalculoPrestacoes.csproj", "{95FD20DF-24EB-4780-9158-6F532D4F177A}"
EndProject
Global
	GlobalSection(SolutionConfigurationPlatforms) = preSolution
		Debug|Any CPU = Debug|Any CPU
		Release|Any CPU = Release|Any CPU
	EndGlobalSection
	GlobalSection(ProjectConfigurationPlatforms) = postSolution
		{95FD20DF-24EB-4780-9158-6F532D4F177A}.Debug|Any CPU.ActiveCfg = Debug|Any CPU
		{95FD20DF-24EB-4780-9158-6F532D4F177A}.Debug|Any CPU.Build.0 = Debug|Any CPU
		{95FD20DF-24EB-4780-9158-6F532D4F177A}.Release|Any CPU.ActiveCfg = Release|Any CPU
		{95FD20DF-24EB-4780-9158-6F532D4F177A}.Release|Any CPU.Build.0 = Release|Any CPU
	EndGlobalSection
	GlobalSection(SolutionProperties) = preSolution
		HideSolutionNode = FALSE
	EndGlobalSection
	GlobalSection(ExtensibilityGlobals) = postSolution
		SolutionGuid = {020C3B1D-BAD4-479F-A532-CE67180A9ECC}
	EndGlobalSection
EndGlobal
