
Microsoft Visual Studio Solution File, Format Version 12.00
# Visual Studio Version 17
VisualStudioVersion = 17.3.32901.215
MinimumVisualStudioVersion = 10.0.40219.1
Project("{FAE04EC0-301F-11D3-BF4B-00C04F79EFBC}") = "10ExibirMaisNovoEMaisAlto", "10ExibirMaisNovoEMaisAlto\10ExibirMaisNovoEMaisAlto.csproj", "{1DC429D0-8AF8-4E8F-8CC5-B6577049FBC5}"
EndProject
Global
	GlobalSection(SolutionConfigurationPlatforms) = preSolution
		Debug|Any CPU = Debug|Any CPU
		Release|Any CPU = Release|Any CPU
	EndGlobalSection
	GlobalSection(ProjectConfigurationPlatforms) = postSolution
		{1DC429D0-8AF8-4E8F-8CC5-B6577049FBC5}.Debug|Any CPU.ActiveCfg = Debug|Any CPU
		{1DC429D0-8AF8-4E8F-8CC5-B6577049FBC5}.Debug|Any CPU.Build.0 = Debug|Any CPU
		{1DC429D0-8AF8-4E8F-8CC5-B6577049FBC5}.Release|Any CPU.ActiveCfg = Release|Any CPU
		{1DC429D0-8AF8-4E8F-8CC5-B6577049FBC5}.Release|Any CPU.Build.0 = Release|Any CPU
	EndGlobalSection
	GlobalSection(SolutionProperties) = preSolution
		HideSolutionNode = FALSE
	EndGlobalSection
	GlobalSection(ExtensibilityGlobals) = postSolution
		SolutionGuid = {0F9B65AD-293B-4186-836B-D4A4BA3ED42B}
	EndGlobalSection
EndGlobal
