
Microsoft Visual Studio Solution File, Format Version 12.00
# Visual Studio Version 17
VisualStudioVersion = 17.3.32901.215
MinimumVisualStudioVersion = 10.0.40219.1
Project("{FAE04EC0-301F-11D3-BF4B-00C04F79EFBC}") = "CalcularMedia", "CalcularMedia\CalcularMedia.csproj", "{4A25BD82-9138-42D3-8150-E01086BCACA3}"
EndProject
Global
	GlobalSection(SolutionConfigurationPlatforms) = preSolution
		Debug|Any CPU = Debug|Any CPU
		Release|Any CPU = Release|Any CPU
	EndGlobalSection
	GlobalSection(ProjectConfigurationPlatforms) = postSolution
		{4A25BD82-9138-42D3-8150-E01086BCACA3}.Debug|Any CPU.ActiveCfg = Debug|Any CPU
		{4A25BD82-9138-42D3-8150-E01086BCACA3}.Debug|Any CPU.Build.0 = Debug|Any CPU
		{4A25BD82-9138-42D3-8150-E01086BCACA3}.Release|Any CPU.ActiveCfg = Release|Any CPU
		{4A25BD82-9138-42D3-8150-E01086BCACA3}.Release|Any CPU.Build.0 = Release|Any CPU
	EndGlobalSection
	GlobalSection(SolutionProperties) = preSolution
		HideSolutionNode = FALSE
	EndGlobalSection
	GlobalSection(ExtensibilityGlobals) = postSolution
		SolutionGuid = {9AE9746C-CC9F-4ACF-91F7-88D05E38D5BE}
	EndGlobalSection
EndGlobal
