
Microsoft Visual Studio Solution File, Format Version 12.00
# Visual Studio Version 17
VisualStudioVersion = 17.3.32901.215
MinimumVisualStudioVersion = 10.0.40219.1
Project("{FAE04EC0-301F-11D3-BF4B-00C04F79EFBC}") = "14CalculoDeDownload", "14CalculoDeDownload\14CalculoDeDownload.csproj", "{0E80CB42-5F70-45F2-9639-77A1E68E9186}"
EndProject
Global
	GlobalSection(SolutionConfigurationPlatforms) = preSolution
		Debug|Any CPU = Debug|Any CPU
		Release|Any CPU = Release|Any CPU
	EndGlobalSection
	GlobalSection(ProjectConfigurationPlatforms) = postSolution
		{0E80CB42-5F70-45F2-9639-77A1E68E9186}.Debug|Any CPU.ActiveCfg = Debug|Any CPU
		{0E80CB42-5F70-45F2-9639-77A1E68E9186}.Debug|Any CPU.Build.0 = Debug|Any CPU
		{0E80CB42-5F70-45F2-9639-77A1E68E9186}.Release|Any CPU.ActiveCfg = Release|Any CPU
		{0E80CB42-5F70-45F2-9639-77A1E68E9186}.Release|Any CPU.Build.0 = Release|Any CPU
	EndGlobalSection
	GlobalSection(SolutionProperties) = preSolution
		HideSolutionNode = FALSE
	EndGlobalSection
	GlobalSection(ExtensibilityGlobals) = postSolution
		SolutionGuid = {1E83F1C2-44DC-4670-A5C3-C798F45EF68E}
	EndGlobalSection
EndGlobal
