
Microsoft Visual Studio Solution File, Format Version 12.00
# Visual Studio Version 17
VisualStudioVersion = 17.3.32901.215
MinimumVisualStudioVersion = 10.0.40219.1
Project("{FAE04EC0-301F-11D3-BF4B-00C04F79EFBC}") = "CalculoDeAumetoDeSalario", "CalculoDeAumetoDeSalario\CalculoDeAumetoDeSalario.csproj", "{D1D9CD5A-F65F-4E89-A8B2-14C985D4B13C}"
EndProject
Global
	GlobalSection(SolutionConfigurationPlatforms) = preSolution
		Debug|Any CPU = Debug|Any CPU
		Release|Any CPU = Release|Any CPU
	EndGlobalSection
	GlobalSection(ProjectConfigurationPlatforms) = postSolution
		{D1D9CD5A-F65F-4E89-A8B2-14C985D4B13C}.Debug|Any CPU.ActiveCfg = Debug|Any CPU
		{D1D9CD5A-F65F-4E89-A8B2-14C985D4B13C}.Debug|Any CPU.Build.0 = Debug|Any CPU
		{D1D9CD5A-F65F-4E89-A8B2-14C985D4B13C}.Release|Any CPU.ActiveCfg = Release|Any CPU
		{D1D9CD5A-F65F-4E89-A8B2-14C985D4B13C}.Release|Any CPU.Build.0 = Release|Any CPU
	EndGlobalSection
	GlobalSection(SolutionProperties) = preSolution
		HideSolutionNode = FALSE
	EndGlobalSection
	GlobalSection(ExtensibilityGlobals) = postSolution
		SolutionGuid = {2B46F139-AF34-4A48-9508-5F812EFEABF6}
	EndGlobalSection
EndGlobal
