
Microsoft Visual Studio Solution File, Format Version 12.00
# Visual Studio Version 17
VisualStudioVersion = 17.3.32901.215
MinimumVisualStudioVersion = 10.0.40219.1
Project("{FAE04EC0-301F-11D3-BF4B-00C04F79EFBC}") = "07ContemNaFrase", "07ContemNaFrase\07ContemNaFrase.csproj", "{B4637A65-72D6-469C-8F51-6684BCF443D0}"
EndProject
Global
	GlobalSection(SolutionConfigurationPlatforms) = preSolution
		Debug|Any CPU = Debug|Any CPU
		Release|Any CPU = Release|Any CPU
	EndGlobalSection
	GlobalSection(ProjectConfigurationPlatforms) = postSolution
		{B4637A65-72D6-469C-8F51-6684BCF443D0}.Debug|Any CPU.ActiveCfg = Debug|Any CPU
		{B4637A65-72D6-469C-8F51-6684BCF443D0}.Debug|Any CPU.Build.0 = Debug|Any CPU
		{B4637A65-72D6-469C-8F51-6684BCF443D0}.Release|Any CPU.ActiveCfg = Release|Any CPU
		{B4637A65-72D6-469C-8F51-6684BCF443D0}.Release|Any CPU.Build.0 = Release|Any CPU
	EndGlobalSection
	GlobalSection(SolutionProperties) = preSolution
		HideSolutionNode = FALSE
	EndGlobalSection
	GlobalSection(ExtensibilityGlobals) = postSolution
		SolutionGuid = {AFEB2B78-A8CB-4A80-889C-2EE484B9D6FF}
	EndGlobalSection
EndGlobal
