
Microsoft Visual Studio Solution File, Format Version 12.00
# Visual Studio Version 17
VisualStudioVersion = 17.3.32901.215
MinimumVisualStudioVersion = 10.0.40219.1
Project("{FAE04EC0-301F-11D3-BF4B-00C04F79EFBC}") = "05CalculoMedioAutomovel", "05CalculoMedioAutomovel\05CalculoMedioAutomovel.csproj", "{6A253F6A-F452-4CE5-915A-927877147693}"
EndProject
Global
	GlobalSection(SolutionConfigurationPlatforms) = preSolution
		Debug|Any CPU = Debug|Any CPU
		Release|Any CPU = Release|Any CPU
	EndGlobalSection
	GlobalSection(ProjectConfigurationPlatforms) = postSolution
		{6A253F6A-F452-4CE5-915A-927877147693}.Debug|Any CPU.ActiveCfg = Debug|Any CPU
		{6A253F6A-F452-4CE5-915A-927877147693}.Debug|Any CPU.Build.0 = Debug|Any CPU
		{6A253F6A-F452-4CE5-915A-927877147693}.Release|Any CPU.ActiveCfg = Release|Any CPU
		{6A253F6A-F452-4CE5-915A-927877147693}.Release|Any CPU.Build.0 = Release|Any CPU
	EndGlobalSection
	GlobalSection(SolutionProperties) = preSolution
		HideSolutionNode = FALSE
	EndGlobalSection
	GlobalSection(ExtensibilityGlobals) = postSolution
		SolutionGuid = {99AC2A2F-A945-4F1F-A7ED-3AB2051C4630}
	EndGlobalSection
EndGlobal
