
Microsoft Visual Studio Solution File, Format Version 12.00
# Visual Studio Version 17
VisualStudioVersion = 17.3.32901.215
MinimumVisualStudioVersion = 10.0.40219.1
Project("{FAE04EC0-301F-11D3-BF4B-00C04F79EFBC}") = "13CalculoPesoIdeal", "13CalculoPesoIdeal\13CalculoPesoIdeal.csproj", "{3A9C9833-73B3-49A4-A976-384BA8C37F57}"
EndProject
Global
	GlobalSection(SolutionConfigurationPlatforms) = preSolution
		Debug|Any CPU = Debug|Any CPU
		Release|Any CPU = Release|Any CPU
	EndGlobalSection
	GlobalSection(ProjectConfigurationPlatforms) = postSolution
		{3A9C9833-73B3-49A4-A976-384BA8C37F57}.Debug|Any CPU.ActiveCfg = Debug|Any CPU
		{3A9C9833-73B3-49A4-A976-384BA8C37F57}.Debug|Any CPU.Build.0 = Debug|Any CPU
		{3A9C9833-73B3-49A4-A976-384BA8C37F57}.Release|Any CPU.ActiveCfg = Release|Any CPU
		{3A9C9833-73B3-49A4-A976-384BA8C37F57}.Release|Any CPU.Build.0 = Release|Any CPU
	EndGlobalSection
	GlobalSection(SolutionProperties) = preSolution
		HideSolutionNode = FALSE
	EndGlobalSection
	GlobalSection(ExtensibilityGlobals) = postSolution
		SolutionGuid = {6DA3304F-8085-4200-862A-923C32F0777D}
	EndGlobalSection
EndGlobal
