
Microsoft Visual Studio Solution File, Format Version 12.00
# Visual Studio Version 17
VisualStudioVersion = 17.3.32901.215
MinimumVisualStudioVersion = 10.0.40219.1
Project("{FAE04EC0-301F-11D3-BF4B-00C04F79EFBC}") = "10GerenciarSaques", "10GerenciarSaques\10GerenciarSaques.csproj", "{CCAC10C0-0760-4C9E-88FF-EBA0957D814F}"
EndProject
Project("{FAE04EC0-301F-11D3-BF4B-00C04F79EFBC}") = "11PercentualDeVotos", "..\..\11PercentualDeVotos\11PercentualDeVotos.csproj", "{773B321D-AC82-46B6-A6A3-699173B250F8}"
EndProject
Global
	GlobalSection(SolutionConfigurationPlatforms) = preSolution
		Debug|Any CPU = Debug|Any CPU
		Release|Any CPU = Release|Any CPU
	EndGlobalSection
	GlobalSection(ProjectConfigurationPlatforms) = postSolution
		{CCAC10C0-0760-4C9E-88FF-EBA0957D814F}.Debug|Any CPU.ActiveCfg = Debug|Any CPU
		{CCAC10C0-0760-4C9E-88FF-EBA0957D814F}.Debug|Any CPU.Build.0 = Debug|Any CPU
		{CCAC10C0-0760-4C9E-88FF-EBA0957D814F}.Release|Any CPU.ActiveCfg = Release|Any CPU
		{CCAC10C0-0760-4C9E-88FF-EBA0957D814F}.Release|Any CPU.Build.0 = Release|Any CPU
		{773B321D-AC82-46B6-A6A3-699173B250F8}.Debug|Any CPU.ActiveCfg = Debug|Any CPU
		{773B321D-AC82-46B6-A6A3-699173B250F8}.Debug|Any CPU.Build.0 = Debug|Any CPU
		{773B321D-AC82-46B6-A6A3-699173B250F8}.Release|Any CPU.ActiveCfg = Release|Any CPU
		{773B321D-AC82-46B6-A6A3-699173B250F8}.Release|Any CPU.Build.0 = Release|Any CPU
	EndGlobalSection
	GlobalSection(SolutionProperties) = preSolution
		HideSolutionNode = FALSE
	EndGlobalSection
	GlobalSection(ExtensibilityGlobals) = postSolution
		SolutionGuid = {77488FC1-50AF-4517-9076-8BD68270C95A}
	EndGlobalSection
EndGlobal
