
Microsoft Visual Studio Solution File, Format Version 12.00
# Visual Studio Version 17
VisualStudioVersion = 17.3.32901.215
MinimumVisualStudioVersion = 10.0.40219.1
Project("{FAE04EC0-301F-11D3-BF4B-00C04F79EFBC}") = "Media4Valores", "Media4Valores\Media4Valores.csproj", "{7735EB7F-03CE-40DA-A1AC-2AA3517D1C8B}"
EndProject
Global
	GlobalSection(SolutionConfigurationPlatforms) = preSolution
		Debug|Any CPU = Debug|Any CPU
		Release|Any CPU = Release|Any CPU
	EndGlobalSection
	GlobalSection(ProjectConfigurationPlatforms) = postSolution
		{7735EB7F-03CE-40DA-A1AC-2AA3517D1C8B}.Debug|Any CPU.ActiveCfg = Debug|Any CPU
		{7735EB7F-03CE-40DA-A1AC-2AA3517D1C8B}.Debug|Any CPU.Build.0 = Debug|Any CPU
		{7735EB7F-03CE-40DA-A1AC-2AA3517D1C8B}.Release|Any CPU.ActiveCfg = Release|Any CPU
		{7735EB7F-03CE-40DA-A1AC-2AA3517D1C8B}.Release|Any CPU.Build.0 = Release|Any CPU
	EndGlobalSection
	GlobalSection(SolutionProperties) = preSolution
		HideSolutionNode = FALSE
	EndGlobalSection
	GlobalSection(ExtensibilityGlobals) = postSolution
		SolutionGuid = {F70A1C03-8D38-47D5-9383-4419B4006CB0}
	EndGlobalSection
EndGlobal
