
Microsoft Visual Studio Solution File, Format Version 12.00
# Visual Studio Version 17
VisualStudioVersion = 17.3.32901.215
MinimumVisualStudioVersion = 10.0.40219.1
Project("{FAE04EC0-301F-11D3-BF4B-00C04F79EFBC}") = "12CalculoDeRendimentoDoCarro", "12CalculoDeRendimentoDoCarro\12CalculoDeRendimentoDoCarro.csproj", "{B7FB7A80-94E4-4EF4-987D-1991FC82BCE4}"
EndProject
Global
	GlobalSection(SolutionConfigurationPlatforms) = preSolution
		Debug|Any CPU = Debug|Any CPU
		Release|Any CPU = Release|Any CPU
	EndGlobalSection
	GlobalSection(ProjectConfigurationPlatforms) = postSolution
		{B7FB7A80-94E4-4EF4-987D-1991FC82BCE4}.Debug|Any CPU.ActiveCfg = Debug|Any CPU
		{B7FB7A80-94E4-4EF4-987D-1991FC82BCE4}.Debug|Any CPU.Build.0 = Debug|Any CPU
		{B7FB7A80-94E4-4EF4-987D-1991FC82BCE4}.Release|Any CPU.ActiveCfg = Release|Any CPU
		{B7FB7A80-94E4-4EF4-987D-1991FC82BCE4}.Release|Any CPU.Build.0 = Release|Any CPU
	EndGlobalSection
	GlobalSection(SolutionProperties) = preSolution
		HideSolutionNode = FALSE
	EndGlobalSection
	GlobalSection(ExtensibilityGlobals) = postSolution
		SolutionGuid = {DCD7C99F-EEE8-4DF1-8D4A-FA15D157B9D7}
	EndGlobalSection
EndGlobal
