
Microsoft Visual Studio Solution File, Format Version 12.00
# Visual Studio Version 17
VisualStudioVersion = 17.3.32901.215
MinimumVisualStudioVersion = 10.0.40219.1
Project("{FAE04EC0-301F-11D3-BF4B-00C04F79EFBC}") = "TrocaValoresAB", "TrocaValoresAB\TrocaValoresAB.csproj", "{75FF85DB-01F2-4ED4-A3F5-B00F0379C3AA}"
EndProject
Global
	GlobalSection(SolutionConfigurationPlatforms) = preSolution
		Debug|Any CPU = Debug|Any CPU
		Release|Any CPU = Release|Any CPU
	EndGlobalSection
	GlobalSection(ProjectConfigurationPlatforms) = postSolution
		{75FF85DB-01F2-4ED4-A3F5-B00F0379C3AA}.Debug|Any CPU.ActiveCfg = Debug|Any CPU
		{75FF85DB-01F2-4ED4-A3F5-B00F0379C3AA}.Debug|Any CPU.Build.0 = Debug|Any CPU
		{75FF85DB-01F2-4ED4-A3F5-B00F0379C3AA}.Release|Any CPU.ActiveCfg = Release|Any CPU
		{75FF85DB-01F2-4ED4-A3F5-B00F0379C3AA}.Release|Any CPU.Build.0 = Release|Any CPU
	EndGlobalSection
	GlobalSection(SolutionProperties) = preSolution
		HideSolutionNode = FALSE
	EndGlobalSection
	GlobalSection(ExtensibilityGlobals) = postSolution
		SolutionGuid = {D7D8DC02-E645-412C-94EF-0352A80F7038}
	EndGlobalSection
EndGlobal
